
Microsoft Visual Studio Solution File, Format Version 12.00
# Visual Studio Version 17
VisualStudioVersion = 17.10.35122.118
MinimumVisualStudioVersion = 10.0.40219.1
Project("{FAE04EC0-301F-11D3-BF4B-00C04F79EFBC}") = "TCPChatApplication", "TCPChatApplication\TCPChatApplication.csproj", "{61DAA571-4B9D-42D3-A58B-C65FEE46A23A}"
EndProject
Global
	GlobalSection(SolutionConfigurationPlatforms) = preSolution
		Debug|Any CPU = Debug|Any CPU
		Release|Any CPU = Release|Any CPU
	EndGlobalSection
	GlobalSection(ProjectConfigurationPlatforms) = postSolution
		{61DAA571-4B9D-42D3-A58B-C65FEE46A23A}.Debug|Any CPU.ActiveCfg = Debug|Any CPU
		{61DAA571-4B9D-42D3-A58B-C65FEE46A23A}.Debug|Any CPU.Build.0 = Debug|Any CPU
		{61DAA571-4B9D-42D3-A58B-C65FEE46A23A}.Release|Any CPU.ActiveCfg = Release|Any CPU
		{61DAA571-4B9D-42D3-A58B-C65FEE46A23A}.Release|Any CPU.Build.0 = Release|Any CPU
	EndGlobalSection
	GlobalSection(SolutionProperties) = preSolution
		HideSolutionNode = FALSE
	EndGlobalSection
	GlobalSection(ExtensibilityGlobals) = postSolution
		SolutionGuid = {E20AC6FC-A941-4858-91F5-6EBACCFD5E4A}
	EndGlobalSection
EndGlobal
